
Microsoft Visual Studio Solution File, Format Version 12.00
# Visual Studio 15
VisualStudioVersion = 15.0.28307.421
MinimumVisualStudioVersion = 10.0.40219.1
Project("{FAE04EC0-301F-11D3-BF4B-00C04F79EFBC}") = "first_program", "LessonsC_sharp\first_program.csproj", "{A84A8BB4-9F64-4059-A436-32E66DD43288}"
EndProject
Project("{FAE04EC0-301F-11D3-BF4B-00C04F79EFBC}") = "Math_op", "Math_op\Math_op.csproj", "{D26ACB15-4D61-40EA-A482-5668B18E6A32}"
EndProject
Project("{FAE04EC0-301F-11D3-BF4B-00C04F79EFBC}") = "class_console", "class_console\class_console.csproj", "{C3C39E4E-9E11-47D4-801B-8EB87F46F6FA}"
EndProject
Project("{FAE04EC0-301F-11D3-BF4B-00C04F79EFBC}") = "Ternarnuy_operator", "Ternarnuy_operator\Ternarnuy_operator.csproj", "{3C034D86-FD6E-4B01-85E5-D023872EFC1A}"
EndProject
Project("{FAE04EC0-301F-11D3-BF4B-00C04F79EFBC}") = "switch_case", "switch_case\switch_case.csproj", "{9B54012C-8E77-476B-8278-AF52EA690FE8}"
EndProject
Project("{FAE04EC0-301F-11D3-BF4B-00C04F79EFBC}") = "try_catch", "try_catch\try_catch.csproj", "{D9BFC663-410F-4995-A5FB-2BCA49E1ED9A}"
EndProject
Project("{FAE04EC0-301F-11D3-BF4B-00C04F79EFBC}") = "Odnomer_mas", "Odnomer_mas\Odnomer_mas.csproj", "{77C9DB52-6147-49A3-9241-56CF813F135F}"
EndProject
Project("{FAE04EC0-301F-11D3-BF4B-00C04F79EFBC}") = "odnomer_mas2", "odnomer_mas2\odnomer_mas2.csproj", "{F6A4CD53-306B-4DB4-9E47-ED2AE08DEC87}"
EndProject
Project("{FAE04EC0-301F-11D3-BF4B-00C04F79EFBC}") = "Break_Cont", "Break_Cont\Break_Cont.csproj", "{C0AA44EC-8C32-4454-A0C6-63A2B311D61F}"
EndProject
Project("{FAE04EC0-301F-11D3-BF4B-00C04F79EFBC}") = "Struct", "Struct\Struct.csproj", "{98A40CBB-A60D-470C-A948-2FEABD22F68B}"
EndProject
Project("{FAE04EC0-301F-11D3-BF4B-00C04F79EFBC}") = "File_info", "File_info\File_info.csproj", "{D24F64FF-1448-403E-8F13-8F6FE7DBD0F4}"
EndProject
Project("{FAE04EC0-301F-11D3-BF4B-00C04F79EFBC}") = "Polya", "Polya\Polya.csproj", "{469A7260-9A60-4C09-B664-440E158A083F}"
EndProject
Project("{FAE04EC0-301F-11D3-BF4B-00C04F79EFBC}") = "methods", "methods\methods.csproj", "{F77A9DFB-D301-423F-9521-B030F1C058FF}"
EndProject
Project("{FAE04EC0-301F-11D3-BF4B-00C04F79EFBC}") = "methods2", "methods2\methods2.csproj", "{9193AB25-A1CB-4F24-AC61-7EB6EC9A0230}"
EndProject
Project("{FAE04EC0-301F-11D3-BF4B-00C04F79EFBC}") = "mod_out_ref", "mod_out_ref\mod_out_ref.csproj", "{16D1A2EF-392C-4949-B958-77891842EE76}"
EndProject
Project("{FAE04EC0-301F-11D3-BF4B-00C04F79EFBC}") = "imenova_parametry", "imenova_parametry\imenova_parametry.csproj", "{51566EAA-873C-45C8-9DFC-CB085D04C6FD}"
EndProject
Project("{FAE04EC0-301F-11D3-BF4B-00C04F79EFBC}") = "Params", "Params\Params.csproj", "{153D16C1-8237-4BBA-A83A-732FFD402DD1}"
EndProject
Project("{FAE04EC0-301F-11D3-BF4B-00C04F79EFBC}") = "OOP_class", "OOP_class\OOP_class.csproj", "{7947AFA3-EB3B-43BA-BBC8-FF93C46C96FB}"
EndProject
Project("{FAE04EC0-301F-11D3-BF4B-00C04F79EFBC}") = "OOP_AccsessMethods", "OOP_AccsessMethods\OOP_AccsessMethods.csproj", "{5580180D-67AE-4845-8ED6-0ABE723673C1}"
EndProject
Project("{FAE04EC0-301F-11D3-BF4B-00C04F79EFBC}") = "OOP_Properties", "OOP_Properties\OOP_Properties.csproj", "{1B6E296F-BD96-4BDA-883C-34400EBBCC9C}"
EndProject
Project("{FAE04EC0-301F-11D3-BF4B-00C04F79EFBC}") = "OOP_RWOProperties", "OOP_RWOProperties\OOP_RWOProperties.csproj", "{F2200C2F-659F-4151-9047-7F75A01E160C}"
EndProject
Project("{FAE04EC0-301F-11D3-BF4B-00C04F79EFBC}") = "OOP_ConstuctorClass", "OOP_ConstuctorClass\OOP_ConstuctorClass.csproj", "{F72207F3-A38A-4711-AA37-2F7766442456}"
EndProject
Project("{FAE04EC0-301F-11D3-BF4B-00C04F79EFBC}") = "OOP_AutoProperties", "OOP_AutoProperties\OOP_AutoProperties.csproj", "{D838A15B-7EF6-4931-97DA-3D4CF7FB7F43}"
EndProject
Project("{FAE04EC0-301F-11D3-BF4B-00C04F79EFBC}") = "OOP_InitClasses", "OOP_InitClasses\OOP_InitClasses.csproj", "{459E1316-AD76-41D6-B4EF-0D0D975429F1}"
EndProject
Project("{FAE04EC0-301F-11D3-BF4B-00C04F79EFBC}") = "OOP_PartialClass", "OOP_PartialClass\OOP_PartialClass.csproj", "{C767C7A4-F1FE-4D34-838B-58B3D2AA319C}"
EndProject
Project("{FAE04EC0-301F-11D3-BF4B-00C04F79EFBC}") = "OOP_PartialMethod", "OOP_PartialMethod\OOP_PartialMethod.csproj", "{F7186A6D-3015-4002-8474-C9DD086A06B1}"
EndProject
Project("{FAE04EC0-301F-11D3-BF4B-00C04F79EFBC}") = "OOP_Inheritance", "OOP_Inheritance\OOP_Inheritance.csproj", "{E0688AC3-A85D-43F5-9672-8635C810AA79}"
EndProject
Project("{FAE04EC0-301F-11D3-BF4B-00C04F79EFBC}") = "OOP_BaseConstr", "OOP_BaseConstr\OOP_BaseConstr.csproj", "{1AB1B456-B71C-4031-891F-CB9CB52F745B}"
EndProject
Project("{FAE04EC0-301F-11D3-BF4B-00C04F79EFBC}") = "OOP_VirtualChleny", "OOP_VirtualChleny\OOP_VirtualChleny.csproj", "{7DC11E90-31B2-44EF-8E21-BB3FA13A7756}"
EndProject
Project("{FAE04EC0-301F-11D3-BF4B-00C04F79EFBC}") = "OOP_VirtualChleny2", "OOP_VirtualChleny2\OOP_VirtualChleny2.csproj", "{7B06D44C-A778-4DA4-B047-9CBB8FE95C6F}"
EndProject
Project("{FAE04EC0-301F-11D3-BF4B-00C04F79EFBC}") = "OOP_PrivedenieTipov", "OOP_PrivedenieTipov\OOP_PrivedenieTipov.csproj", "{060A7A5F-E479-4CD4-ADE6-E5D5CFCFE512}"
EndProject
Project("{FAE04EC0-301F-11D3-BF4B-00C04F79EFBC}") = "OOP_PrivedenieTipov2", "OOP_PrivedenieTipov2\OOP_PrivedenieTipov2.csproj", "{F5B757F0-DA21-429C-A547-10064936F89B}"
EndProject
Project("{FAE04EC0-301F-11D3-BF4B-00C04F79EFBC}") = "OOP_PrivedenieTipov3", "OOP_PrivedenieTipov3\OOP_PrivedenieTipov3.csproj", "{3D9FA24A-B971-4463-8C5A-E0677A9CAD8D}"
EndProject
Project("{FAE04EC0-301F-11D3-BF4B-00C04F79EFBC}") = "OOP_PrivedenieTipov4", "OPP_PrivedenieTipov4\OOP_PrivedenieTipov4.csproj", "{E116EA1C-A709-4D5A-9C4D-6FD3DF800082}"
EndProject
Project("{FAE04EC0-301F-11D3-BF4B-00C04F79EFBC}") = "OOP_BaseMethod", "OOP_BaseMethod\OOP_BaseMethod.csproj", "{87B49AAA-5729-46D1-9E20-5B0F4CEC2BDE}"
EndProject
Project("{FAE04EC0-301F-11D3-BF4B-00C04F79EFBC}") = "OOP_BaseMethod2", "OOP_BaseMethod2\OOP_BaseMethod2.csproj", "{7E65A2C1-C364-4E71-8883-A78E2B2661E6}"
EndProject
Project("{FAE04EC0-301F-11D3-BF4B-00C04F79EFBC}") = "OOP_BaseMethod3", "OOP_BaseMethod3\OOP_BaseMethod3.csproj", "{CE03E5FF-7444-4A98-B254-6A401C598DDD}"
EndProject
Project("{FAE04EC0-301F-11D3-BF4B-00C04F79EFBC}") = "OOP_IsAs", "OOP_IsAs\OOP_IsAs.csproj", "{B1BA319E-7914-4E75-8BE3-E28C3883378C}"
EndProject
Project("{FAE04EC0-301F-11D3-BF4B-00C04F79EFBC}") = "OOP_As", "OOP_As\OOP_As.csproj", "{737F216E-37B3-49AC-B7B7-01DB610F69E9}"
EndProject
Project("{FAE04EC0-301F-11D3-BF4B-00C04F79EFBC}") = "OOP_AbstractClasses", "OOP_AbstractClasses\OOP_AbstractClasses.csproj", "{410D7637-EDDE-4351-BC33-911248E2BD6A}"
EndProject
Project("{FAE04EC0-301F-11D3-BF4B-00C04F79EFBC}") = "OOP_AbstractClasses2", "OOP_AbstractClass2\OOP_AbstractClasses2.csproj", "{0DF0240D-5371-4208-BA97-F63E3259B9BF}"
EndProject
Project("{FAE04EC0-301F-11D3-BF4B-00C04F79EFBC}") = "OOP_Interfaces", "OOP_Interfaces\OOP_Interfaces.csproj", "{AFD464BE-A399-49E4-854D-3D79B4846240}"
EndProject
Project("{FAE04EC0-301F-11D3-BF4B-00C04F79EFBC}") = "OOP_Interfaces2", "OOP_Interfaces2\OOP_Interfaces2.csproj", "{0C4B209D-B2B5-44A6-9394-E87CDFCF8B33}"
EndProject
Project("{FAE04EC0-301F-11D3-BF4B-00C04F79EFBC}") = "OOP_Interfaces3", "OOP_Interfaces3\OOP_Interfaces3.csproj", "{57BD8DFC-FAAE-42CA-8EC0-F6DCFA368F8F}"
EndProject
Project("{FAE04EC0-301F-11D3-BF4B-00C04F79EFBC}") = "OOP_Interfaces4", "OOP_Interfaces4\OOP_Interfaces4.csproj", "{30F830A4-B859-4EE1-A7B6-90C05A6F20DF}"
EndProject
Project("{FAE04EC0-301F-11D3-BF4B-00C04F79EFBC}") = "OOP_Interfaces5", "OOP_Interfaces5\OOP_Interfaces5.csproj", "{45FC4F8F-6314-41D7-AB41-97B24EC128F6}"
EndProject
Project("{FAE04EC0-301F-11D3-BF4B-00C04F79EFBC}") = "OOP_Interfaces6", "OOP_Interfaces6\OOP_Interfaces6.csproj", "{B297E159-70C4-45E6-935C-11C80CD46515}"
EndProject
Project("{FAE04EC0-301F-11D3-BF4B-00C04F79EFBC}") = "OOP_Interfaces7", "OOP_Interfaces7\OOP_Interfaces7.csproj", "{B8FBE240-65DC-42EB-9AC2-7C4D434A143A}"
EndProject
Project("{FAE04EC0-301F-11D3-BF4B-00C04F79EFBC}") = "OOP_Interfaces8", "OOP_Interfaces8\OOP_Interfaces8.csproj", "{7137A5B8-94BF-4822-925C-2DA7CD2CEC56}"
EndProject
Project("{FAE04EC0-301F-11D3-BF4B-00C04F79EFBC}") = "OOP_Compares", "OOP_Compares\OOP_Compares.csproj", "{D4023F41-E691-49D2-A425-2F56A40D36E1}"
EndProject
Project("{FAE04EC0-301F-11D3-BF4B-00C04F79EFBC}") = "OOP_StaticLes1", "OOP_StaticLes1\OOP_StaticLes1.csproj", "{64296131-9C4A-4671-900F-227004734959}"
EndProject
Project("{FAE04EC0-301F-11D3-BF4B-00C04F79EFBC}") = "OOP_StaticLes2", "OOP_StaticLes2\OOP_StaticLes2.csproj", "{73B3BB93-D6B2-46CE-B885-2DF1B53242D8}"
EndProject
Project("{FAE04EC0-301F-11D3-BF4B-00C04F79EFBC}") = "OOP_StaticLes3", "OOP_StaticLes3\OOP_StaticLes3.csproj", "{9F29047D-12B4-4221-8A9A-8946901AE382}"
EndProject
Project("{FAE04EC0-301F-11D3-BF4B-00C04F79EFBC}") = "OOP_StaticLes4", "OOP_StaticLes4\OOP_StaticLes4.csproj", "{2859D6FF-65F1-41B8-AFCE-EF485F408083}"
EndProject
Global
	GlobalSection(SolutionConfigurationPlatforms) = preSolution
		Debug|Any CPU = Debug|Any CPU
		Debug|x64 = Debug|x64
		Release|Any CPU = Release|Any CPU
		Release|x64 = Release|x64
	EndGlobalSection
	GlobalSection(ProjectConfigurationPlatforms) = postSolution
		{A84A8BB4-9F64-4059-A436-32E66DD43288}.Debug|Any CPU.ActiveCfg = Debug|Any CPU
		{A84A8BB4-9F64-4059-A436-32E66DD43288}.Debug|Any CPU.Build.0 = Debug|Any CPU
		{A84A8BB4-9F64-4059-A436-32E66DD43288}.Debug|x64.ActiveCfg = Debug|Any CPU
		{A84A8BB4-9F64-4059-A436-32E66DD43288}.Debug|x64.Build.0 = Debug|Any CPU
		{A84A8BB4-9F64-4059-A436-32E66DD43288}.Release|Any CPU.ActiveCfg = Release|Any CPU
		{A84A8BB4-9F64-4059-A436-32E66DD43288}.Release|Any CPU.Build.0 = Release|Any CPU
		{A84A8BB4-9F64-4059-A436-32E66DD43288}.Release|x64.ActiveCfg = Release|Any CPU
		{A84A8BB4-9F64-4059-A436-32E66DD43288}.Release|x64.Build.0 = Release|Any CPU
		{D26ACB15-4D61-40EA-A482-5668B18E6A32}.Debug|Any CPU.ActiveCfg = Debug|Any CPU
		{D26ACB15-4D61-40EA-A482-5668B18E6A32}.Debug|Any CPU.Build.0 = Debug|Any CPU
		{D26ACB15-4D61-40EA-A482-5668B18E6A32}.Debug|x64.ActiveCfg = Debug|x64
		{D26ACB15-4D61-40EA-A482-5668B18E6A32}.Debug|x64.Build.0 = Debug|x64
		{D26ACB15-4D61-40EA-A482-5668B18E6A32}.Release|Any CPU.ActiveCfg = Release|Any CPU
		{D26ACB15-4D61-40EA-A482-5668B18E6A32}.Release|Any CPU.Build.0 = Release|Any CPU
		{D26ACB15-4D61-40EA-A482-5668B18E6A32}.Release|x64.ActiveCfg = Release|x64
		{D26ACB15-4D61-40EA-A482-5668B18E6A32}.Release|x64.Build.0 = Release|x64
		{C3C39E4E-9E11-47D4-801B-8EB87F46F6FA}.Debug|Any CPU.ActiveCfg = Debug|Any CPU
		{C3C39E4E-9E11-47D4-801B-8EB87F46F6FA}.Debug|Any CPU.Build.0 = Debug|Any CPU
		{C3C39E4E-9E11-47D4-801B-8EB87F46F6FA}.Debug|x64.ActiveCfg = Debug|Any CPU
		{C3C39E4E-9E11-47D4-801B-8EB87F46F6FA}.Debug|x64.Build.0 = Debug|Any CPU
		{C3C39E4E-9E11-47D4-801B-8EB87F46F6FA}.Release|Any CPU.ActiveCfg = Release|Any CPU
		{C3C39E4E-9E11-47D4-801B-8EB87F46F6FA}.Release|Any CPU.Build.0 = Release|Any CPU
		{C3C39E4E-9E11-47D4-801B-8EB87F46F6FA}.Release|x64.ActiveCfg = Release|Any CPU
		{C3C39E4E-9E11-47D4-801B-8EB87F46F6FA}.Release|x64.Build.0 = Release|Any CPU
		{3C034D86-FD6E-4B01-85E5-D023872EFC1A}.Debug|Any CPU.ActiveCfg = Debug|Any CPU
		{3C034D86-FD6E-4B01-85E5-D023872EFC1A}.Debug|Any CPU.Build.0 = Debug|Any CPU
		{3C034D86-FD6E-4B01-85E5-D023872EFC1A}.Debug|x64.ActiveCfg = Debug|Any CPU
		{3C034D86-FD6E-4B01-85E5-D023872EFC1A}.Debug|x64.Build.0 = Debug|Any CPU
		{3C034D86-FD6E-4B01-85E5-D023872EFC1A}.Release|Any CPU.ActiveCfg = Release|Any CPU
		{3C034D86-FD6E-4B01-85E5-D023872EFC1A}.Release|Any CPU.Build.0 = Release|Any CPU
		{3C034D86-FD6E-4B01-85E5-D023872EFC1A}.Release|x64.ActiveCfg = Release|Any CPU
		{3C034D86-FD6E-4B01-85E5-D023872EFC1A}.Release|x64.Build.0 = Release|Any CPU
		{9B54012C-8E77-476B-8278-AF52EA690FE8}.Debug|Any CPU.ActiveCfg = Debug|Any CPU
		{9B54012C-8E77-476B-8278-AF52EA690FE8}.Debug|Any CPU.Build.0 = Debug|Any CPU
		{9B54012C-8E77-476B-8278-AF52EA690FE8}.Debug|x64.ActiveCfg = Debug|Any CPU
		{9B54012C-8E77-476B-8278-AF52EA690FE8}.Debug|x64.Build.0 = Debug|Any CPU
		{9B54012C-8E77-476B-8278-AF52EA690FE8}.Release|Any CPU.ActiveCfg = Release|Any CPU
		{9B54012C-8E77-476B-8278-AF52EA690FE8}.Release|Any CPU.Build.0 = Release|Any CPU
		{9B54012C-8E77-476B-8278-AF52EA690FE8}.Release|x64.ActiveCfg = Release|Any CPU
		{9B54012C-8E77-476B-8278-AF52EA690FE8}.Release|x64.Build.0 = Release|Any CPU
		{D9BFC663-410F-4995-A5FB-2BCA49E1ED9A}.Debug|Any CPU.ActiveCfg = Debug|Any CPU
		{D9BFC663-410F-4995-A5FB-2BCA49E1ED9A}.Debug|Any CPU.Build.0 = Debug|Any CPU
		{D9BFC663-410F-4995-A5FB-2BCA49E1ED9A}.Debug|x64.ActiveCfg = Debug|Any CPU
		{D9BFC663-410F-4995-A5FB-2BCA49E1ED9A}.Debug|x64.Build.0 = Debug|Any CPU
		{D9BFC663-410F-4995-A5FB-2BCA49E1ED9A}.Release|Any CPU.ActiveCfg = Release|Any CPU
		{D9BFC663-410F-4995-A5FB-2BCA49E1ED9A}.Release|Any CPU.Build.0 = Release|Any CPU
		{D9BFC663-410F-4995-A5FB-2BCA49E1ED9A}.Release|x64.ActiveCfg = Release|Any CPU
		{D9BFC663-410F-4995-A5FB-2BCA49E1ED9A}.Release|x64.Build.0 = Release|Any CPU
		{77C9DB52-6147-49A3-9241-56CF813F135F}.Debug|Any CPU.ActiveCfg = Debug|Any CPU
		{77C9DB52-6147-49A3-9241-56CF813F135F}.Debug|Any CPU.Build.0 = Debug|Any CPU
		{77C9DB52-6147-49A3-9241-56CF813F135F}.Debug|x64.ActiveCfg = Debug|Any CPU
		{77C9DB52-6147-49A3-9241-56CF813F135F}.Debug|x64.Build.0 = Debug|Any CPU
		{77C9DB52-6147-49A3-9241-56CF813F135F}.Release|Any CPU.ActiveCfg = Release|Any CPU
		{77C9DB52-6147-49A3-9241-56CF813F135F}.Release|Any CPU.Build.0 = Release|Any CPU
		{77C9DB52-6147-49A3-9241-56CF813F135F}.Release|x64.ActiveCfg = Release|Any CPU
		{77C9DB52-6147-49A3-9241-56CF813F135F}.Release|x64.Build.0 = Release|Any CPU
		{F6A4CD53-306B-4DB4-9E47-ED2AE08DEC87}.Debug|Any CPU.ActiveCfg = Debug|Any CPU
		{F6A4CD53-306B-4DB4-9E47-ED2AE08DEC87}.Debug|Any CPU.Build.0 = Debug|Any CPU
		{F6A4CD53-306B-4DB4-9E47-ED2AE08DEC87}.Debug|x64.ActiveCfg = Debug|Any CPU
		{F6A4CD53-306B-4DB4-9E47-ED2AE08DEC87}.Debug|x64.Build.0 = Debug|Any CPU
		{F6A4CD53-306B-4DB4-9E47-ED2AE08DEC87}.Release|Any CPU.ActiveCfg = Release|Any CPU
		{F6A4CD53-306B-4DB4-9E47-ED2AE08DEC87}.Release|Any CPU.Build.0 = Release|Any CPU
		{F6A4CD53-306B-4DB4-9E47-ED2AE08DEC87}.Release|x64.ActiveCfg = Release|Any CPU
		{F6A4CD53-306B-4DB4-9E47-ED2AE08DEC87}.Release|x64.Build.0 = Release|Any CPU
		{C0AA44EC-8C32-4454-A0C6-63A2B311D61F}.Debug|Any CPU.ActiveCfg = Debug|Any CPU
		{C0AA44EC-8C32-4454-A0C6-63A2B311D61F}.Debug|Any CPU.Build.0 = Debug|Any CPU
		{C0AA44EC-8C32-4454-A0C6-63A2B311D61F}.Debug|x64.ActiveCfg = Debug|Any CPU
		{C0AA44EC-8C32-4454-A0C6-63A2B311D61F}.Debug|x64.Build.0 = Debug|Any CPU
		{C0AA44EC-8C32-4454-A0C6-63A2B311D61F}.Release|Any CPU.ActiveCfg = Release|Any CPU
		{C0AA44EC-8C32-4454-A0C6-63A2B311D61F}.Release|Any CPU.Build.0 = Release|Any CPU
		{C0AA44EC-8C32-4454-A0C6-63A2B311D61F}.Release|x64.ActiveCfg = Release|Any CPU
		{C0AA44EC-8C32-4454-A0C6-63A2B311D61F}.Release|x64.Build.0 = Release|Any CPU
		{98A40CBB-A60D-470C-A948-2FEABD22F68B}.Debug|Any CPU.ActiveCfg = Debug|Any CPU
		{98A40CBB-A60D-470C-A948-2FEABD22F68B}.Debug|Any CPU.Build.0 = Debug|Any CPU
		{98A40CBB-A60D-470C-A948-2FEABD22F68B}.Debug|x64.ActiveCfg = Debug|Any CPU
		{98A40CBB-A60D-470C-A948-2FEABD22F68B}.Debug|x64.Build.0 = Debug|Any CPU
		{98A40CBB-A60D-470C-A948-2FEABD22F68B}.Release|Any CPU.ActiveCfg = Release|Any CPU
		{98A40CBB-A60D-470C-A948-2FEABD22F68B}.Release|Any CPU.Build.0 = Release|Any CPU
		{98A40CBB-A60D-470C-A948-2FEABD22F68B}.Release|x64.ActiveCfg = Release|Any CPU
		{98A40CBB-A60D-470C-A948-2FEABD22F68B}.Release|x64.Build.0 = Release|Any CPU
		{D24F64FF-1448-403E-8F13-8F6FE7DBD0F4}.Debug|Any CPU.ActiveCfg = Debug|Any CPU
		{D24F64FF-1448-403E-8F13-8F6FE7DBD0F4}.Debug|Any CPU.Build.0 = Debug|Any CPU
		{D24F64FF-1448-403E-8F13-8F6FE7DBD0F4}.Debug|x64.ActiveCfg = Debug|Any CPU
		{D24F64FF-1448-403E-8F13-8F6FE7DBD0F4}.Debug|x64.Build.0 = Debug|Any CPU
		{D24F64FF-1448-403E-8F13-8F6FE7DBD0F4}.Release|Any CPU.ActiveCfg = Release|Any CPU
		{D24F64FF-1448-403E-8F13-8F6FE7DBD0F4}.Release|Any CPU.Build.0 = Release|Any CPU
		{D24F64FF-1448-403E-8F13-8F6FE7DBD0F4}.Release|x64.ActiveCfg = Release|Any CPU
		{D24F64FF-1448-403E-8F13-8F6FE7DBD0F4}.Release|x64.Build.0 = Release|Any CPU
		{469A7260-9A60-4C09-B664-440E158A083F}.Debug|Any CPU.ActiveCfg = Debug|Any CPU
		{469A7260-9A60-4C09-B664-440E158A083F}.Debug|Any CPU.Build.0 = Debug|Any CPU
		{469A7260-9A60-4C09-B664-440E158A083F}.Debug|x64.ActiveCfg = Debug|Any CPU
		{469A7260-9A60-4C09-B664-440E158A083F}.Debug|x64.Build.0 = Debug|Any CPU
		{469A7260-9A60-4C09-B664-440E158A083F}.Release|Any CPU.ActiveCfg = Release|Any CPU
		{469A7260-9A60-4C09-B664-440E158A083F}.Release|Any CPU.Build.0 = Release|Any CPU
		{469A7260-9A60-4C09-B664-440E158A083F}.Release|x64.ActiveCfg = Release|Any CPU
		{469A7260-9A60-4C09-B664-440E158A083F}.Release|x64.Build.0 = Release|Any CPU
		{F77A9DFB-D301-423F-9521-B030F1C058FF}.Debug|Any CPU.ActiveCfg = Debug|Any CPU
		{F77A9DFB-D301-423F-9521-B030F1C058FF}.Debug|Any CPU.Build.0 = Debug|Any CPU
		{F77A9DFB-D301-423F-9521-B030F1C058FF}.Debug|x64.ActiveCfg = Debug|Any CPU
		{F77A9DFB-D301-423F-9521-B030F1C058FF}.Debug|x64.Build.0 = Debug|Any CPU
		{F77A9DFB-D301-423F-9521-B030F1C058FF}.Release|Any CPU.ActiveCfg = Release|Any CPU
		{F77A9DFB-D301-423F-9521-B030F1C058FF}.Release|Any CPU.Build.0 = Release|Any CPU
		{F77A9DFB-D301-423F-9521-B030F1C058FF}.Release|x64.ActiveCfg = Release|Any CPU
		{F77A9DFB-D301-423F-9521-B030F1C058FF}.Release|x64.Build.0 = Release|Any CPU
		{9193AB25-A1CB-4F24-AC61-7EB6EC9A0230}.Debug|Any CPU.ActiveCfg = Debug|Any CPU
		{9193AB25-A1CB-4F24-AC61-7EB6EC9A0230}.Debug|Any CPU.Build.0 = Debug|Any CPU
		{9193AB25-A1CB-4F24-AC61-7EB6EC9A0230}.Debug|x64.ActiveCfg = Debug|Any CPU
		{9193AB25-A1CB-4F24-AC61-7EB6EC9A0230}.Debug|x64.Build.0 = Debug|Any CPU
		{9193AB25-A1CB-4F24-AC61-7EB6EC9A0230}.Release|Any CPU.ActiveCfg = Release|Any CPU
		{9193AB25-A1CB-4F24-AC61-7EB6EC9A0230}.Release|Any CPU.Build.0 = Release|Any CPU
		{9193AB25-A1CB-4F24-AC61-7EB6EC9A0230}.Release|x64.ActiveCfg = Release|Any CPU
		{9193AB25-A1CB-4F24-AC61-7EB6EC9A0230}.Release|x64.Build.0 = Release|Any CPU
		{16D1A2EF-392C-4949-B958-77891842EE76}.Debug|Any CPU.ActiveCfg = Debug|Any CPU
		{16D1A2EF-392C-4949-B958-77891842EE76}.Debug|Any CPU.Build.0 = Debug|Any CPU
		{16D1A2EF-392C-4949-B958-77891842EE76}.Debug|x64.ActiveCfg = Debug|Any CPU
		{16D1A2EF-392C-4949-B958-77891842EE76}.Debug|x64.Build.0 = Debug|Any CPU
		{16D1A2EF-392C-4949-B958-77891842EE76}.Release|Any CPU.ActiveCfg = Release|Any CPU
		{16D1A2EF-392C-4949-B958-77891842EE76}.Release|Any CPU.Build.0 = Release|Any CPU
		{16D1A2EF-392C-4949-B958-77891842EE76}.Release|x64.ActiveCfg = Release|Any CPU
		{16D1A2EF-392C-4949-B958-77891842EE76}.Release|x64.Build.0 = Release|Any CPU
		{51566EAA-873C-45C8-9DFC-CB085D04C6FD}.Debug|Any CPU.ActiveCfg = Debug|Any CPU
		{51566EAA-873C-45C8-9DFC-CB085D04C6FD}.Debug|Any CPU.Build.0 = Debug|Any CPU
		{51566EAA-873C-45C8-9DFC-CB085D04C6FD}.Debug|x64.ActiveCfg = Debug|Any CPU
		{51566EAA-873C-45C8-9DFC-CB085D04C6FD}.Debug|x64.Build.0 = Debug|Any CPU
		{51566EAA-873C-45C8-9DFC-CB085D04C6FD}.Release|Any CPU.ActiveCfg = Release|Any CPU
		{51566EAA-873C-45C8-9DFC-CB085D04C6FD}.Release|Any CPU.Build.0 = Release|Any CPU
		{51566EAA-873C-45C8-9DFC-CB085D04C6FD}.Release|x64.ActiveCfg = Release|Any CPU
		{51566EAA-873C-45C8-9DFC-CB085D04C6FD}.Release|x64.Build.0 = Release|Any CPU
		{153D16C1-8237-4BBA-A83A-732FFD402DD1}.Debug|Any CPU.ActiveCfg = Debug|Any CPU
		{153D16C1-8237-4BBA-A83A-732FFD402DD1}.Debug|Any CPU.Build.0 = Debug|Any CPU
		{153D16C1-8237-4BBA-A83A-732FFD402DD1}.Debug|x64.ActiveCfg = Debug|Any CPU
		{153D16C1-8237-4BBA-A83A-732FFD402DD1}.Debug|x64.Build.0 = Debug|Any CPU
		{153D16C1-8237-4BBA-A83A-732FFD402DD1}.Release|Any CPU.ActiveCfg = Release|Any CPU
		{153D16C1-8237-4BBA-A83A-732FFD402DD1}.Release|Any CPU.Build.0 = Release|Any CPU
		{153D16C1-8237-4BBA-A83A-732FFD402DD1}.Release|x64.ActiveCfg = Release|Any CPU
		{153D16C1-8237-4BBA-A83A-732FFD402DD1}.Release|x64.Build.0 = Release|Any CPU
		{7947AFA3-EB3B-43BA-BBC8-FF93C46C96FB}.Debug|Any CPU.ActiveCfg = Debug|Any CPU
		{7947AFA3-EB3B-43BA-BBC8-FF93C46C96FB}.Debug|Any CPU.Build.0 = Debug|Any CPU
		{7947AFA3-EB3B-43BA-BBC8-FF93C46C96FB}.Debug|x64.ActiveCfg = Debug|Any CPU
		{7947AFA3-EB3B-43BA-BBC8-FF93C46C96FB}.Debug|x64.Build.0 = Debug|Any CPU
		{7947AFA3-EB3B-43BA-BBC8-FF93C46C96FB}.Release|Any CPU.ActiveCfg = Release|Any CPU
		{7947AFA3-EB3B-43BA-BBC8-FF93C46C96FB}.Release|Any CPU.Build.0 = Release|Any CPU
		{7947AFA3-EB3B-43BA-BBC8-FF93C46C96FB}.Release|x64.ActiveCfg = Release|Any CPU
		{7947AFA3-EB3B-43BA-BBC8-FF93C46C96FB}.Release|x64.Build.0 = Release|Any CPU
		{5580180D-67AE-4845-8ED6-0ABE723673C1}.Debug|Any CPU.ActiveCfg = Debug|Any CPU
		{5580180D-67AE-4845-8ED6-0ABE723673C1}.Debug|Any CPU.Build.0 = Debug|Any CPU
		{5580180D-67AE-4845-8ED6-0ABE723673C1}.Debug|x64.ActiveCfg = Debug|Any CPU
		{5580180D-67AE-4845-8ED6-0ABE723673C1}.Debug|x64.Build.0 = Debug|Any CPU
		{5580180D-67AE-4845-8ED6-0ABE723673C1}.Release|Any CPU.ActiveCfg = Release|Any CPU
		{5580180D-67AE-4845-8ED6-0ABE723673C1}.Release|Any CPU.Build.0 = Release|Any CPU
		{5580180D-67AE-4845-8ED6-0ABE723673C1}.Release|x64.ActiveCfg = Release|Any CPU
		{5580180D-67AE-4845-8ED6-0ABE723673C1}.Release|x64.Build.0 = Release|Any CPU
		{1B6E296F-BD96-4BDA-883C-34400EBBCC9C}.Debug|Any CPU.ActiveCfg = Debug|Any CPU
		{1B6E296F-BD96-4BDA-883C-34400EBBCC9C}.Debug|Any CPU.Build.0 = Debug|Any CPU
		{1B6E296F-BD96-4BDA-883C-34400EBBCC9C}.Debug|x64.ActiveCfg = Debug|Any CPU
		{1B6E296F-BD96-4BDA-883C-34400EBBCC9C}.Debug|x64.Build.0 = Debug|Any CPU
		{1B6E296F-BD96-4BDA-883C-34400EBBCC9C}.Release|Any CPU.ActiveCfg = Release|Any CPU
		{1B6E296F-BD96-4BDA-883C-34400EBBCC9C}.Release|Any CPU.Build.0 = Release|Any CPU
		{1B6E296F-BD96-4BDA-883C-34400EBBCC9C}.Release|x64.ActiveCfg = Release|Any CPU
		{1B6E296F-BD96-4BDA-883C-34400EBBCC9C}.Release|x64.Build.0 = Release|Any CPU
		{F2200C2F-659F-4151-9047-7F75A01E160C}.Debug|Any CPU.ActiveCfg = Debug|Any CPU
		{F2200C2F-659F-4151-9047-7F75A01E160C}.Debug|Any CPU.Build.0 = Debug|Any CPU
		{F2200C2F-659F-4151-9047-7F75A01E160C}.Debug|x64.ActiveCfg = Debug|Any CPU
		{F2200C2F-659F-4151-9047-7F75A01E160C}.Debug|x64.Build.0 = Debug|Any CPU
		{F2200C2F-659F-4151-9047-7F75A01E160C}.Release|Any CPU.ActiveCfg = Release|Any CPU
		{F2200C2F-659F-4151-9047-7F75A01E160C}.Release|Any CPU.Build.0 = Release|Any CPU
		{F2200C2F-659F-4151-9047-7F75A01E160C}.Release|x64.ActiveCfg = Release|Any CPU
		{F2200C2F-659F-4151-9047-7F75A01E160C}.Release|x64.Build.0 = Release|Any CPU
		{F72207F3-A38A-4711-AA37-2F7766442456}.Debug|Any CPU.ActiveCfg = Debug|Any CPU
		{F72207F3-A38A-4711-AA37-2F7766442456}.Debug|Any CPU.Build.0 = Debug|Any CPU
		{F72207F3-A38A-4711-AA37-2F7766442456}.Debug|x64.ActiveCfg = Debug|Any CPU
		{F72207F3-A38A-4711-AA37-2F7766442456}.Debug|x64.Build.0 = Debug|Any CPU
		{F72207F3-A38A-4711-AA37-2F7766442456}.Release|Any CPU.ActiveCfg = Release|Any CPU
		{F72207F3-A38A-4711-AA37-2F7766442456}.Release|Any CPU.Build.0 = Release|Any CPU
		{F72207F3-A38A-4711-AA37-2F7766442456}.Release|x64.ActiveCfg = Release|Any CPU
		{F72207F3-A38A-4711-AA37-2F7766442456}.Release|x64.Build.0 = Release|Any CPU
		{D838A15B-7EF6-4931-97DA-3D4CF7FB7F43}.Debug|Any CPU.ActiveCfg = Debug|Any CPU
		{D838A15B-7EF6-4931-97DA-3D4CF7FB7F43}.Debug|Any CPU.Build.0 = Debug|Any CPU
		{D838A15B-7EF6-4931-97DA-3D4CF7FB7F43}.Debug|x64.ActiveCfg = Debug|Any CPU
		{D838A15B-7EF6-4931-97DA-3D4CF7FB7F43}.Debug|x64.Build.0 = Debug|Any CPU
		{D838A15B-7EF6-4931-97DA-3D4CF7FB7F43}.Release|Any CPU.ActiveCfg = Release|Any CPU
		{D838A15B-7EF6-4931-97DA-3D4CF7FB7F43}.Release|Any CPU.Build.0 = Release|Any CPU
		{D838A15B-7EF6-4931-97DA-3D4CF7FB7F43}.Release|x64.ActiveCfg = Release|Any CPU
		{D838A15B-7EF6-4931-97DA-3D4CF7FB7F43}.Release|x64.Build.0 = Release|Any CPU
		{459E1316-AD76-41D6-B4EF-0D0D975429F1}.Debug|Any CPU.ActiveCfg = Debug|Any CPU
		{459E1316-AD76-41D6-B4EF-0D0D975429F1}.Debug|Any CPU.Build.0 = Debug|Any CPU
		{459E1316-AD76-41D6-B4EF-0D0D975429F1}.Debug|x64.ActiveCfg = Debug|Any CPU
		{459E1316-AD76-41D6-B4EF-0D0D975429F1}.Debug|x64.Build.0 = Debug|Any CPU
		{459E1316-AD76-41D6-B4EF-0D0D975429F1}.Release|Any CPU.ActiveCfg = Release|Any CPU
		{459E1316-AD76-41D6-B4EF-0D0D975429F1}.Release|Any CPU.Build.0 = Release|Any CPU
		{459E1316-AD76-41D6-B4EF-0D0D975429F1}.Release|x64.ActiveCfg = Release|Any CPU
		{459E1316-AD76-41D6-B4EF-0D0D975429F1}.Release|x64.Build.0 = Release|Any CPU
		{C767C7A4-F1FE-4D34-838B-58B3D2AA319C}.Debug|Any CPU.ActiveCfg = Debug|Any CPU
		{C767C7A4-F1FE-4D34-838B-58B3D2AA319C}.Debug|Any CPU.Build.0 = Debug|Any CPU
		{C767C7A4-F1FE-4D34-838B-58B3D2AA319C}.Debug|x64.ActiveCfg = Debug|Any CPU
		{C767C7A4-F1FE-4D34-838B-58B3D2AA319C}.Debug|x64.Build.0 = Debug|Any CPU
		{C767C7A4-F1FE-4D34-838B-58B3D2AA319C}.Release|Any CPU.ActiveCfg = Release|Any CPU
		{C767C7A4-F1FE-4D34-838B-58B3D2AA319C}.Release|Any CPU.Build.0 = Release|Any CPU
		{C767C7A4-F1FE-4D34-838B-58B3D2AA319C}.Release|x64.ActiveCfg = Release|Any CPU
		{C767C7A4-F1FE-4D34-838B-58B3D2AA319C}.Release|x64.Build.0 = Release|Any CPU
		{F7186A6D-3015-4002-8474-C9DD086A06B1}.Debug|Any CPU.ActiveCfg = Debug|Any CPU
		{F7186A6D-3015-4002-8474-C9DD086A06B1}.Debug|Any CPU.Build.0 = Debug|Any CPU
		{F7186A6D-3015-4002-8474-C9DD086A06B1}.Debug|x64.ActiveCfg = Debug|Any CPU
		{F7186A6D-3015-4002-8474-C9DD086A06B1}.Debug|x64.Build.0 = Debug|Any CPU
		{F7186A6D-3015-4002-8474-C9DD086A06B1}.Release|Any CPU.ActiveCfg = Release|Any CPU
		{F7186A6D-3015-4002-8474-C9DD086A06B1}.Release|Any CPU.Build.0 = Release|Any CPU
		{F7186A6D-3015-4002-8474-C9DD086A06B1}.Release|x64.ActiveCfg = Release|Any CPU
		{F7186A6D-3015-4002-8474-C9DD086A06B1}.Release|x64.Build.0 = Release|Any CPU
		{E0688AC3-A85D-43F5-9672-8635C810AA79}.Debug|Any CPU.ActiveCfg = Debug|Any CPU
		{E0688AC3-A85D-43F5-9672-8635C810AA79}.Debug|Any CPU.Build.0 = Debug|Any CPU
		{E0688AC3-A85D-43F5-9672-8635C810AA79}.Debug|x64.ActiveCfg = Debug|Any CPU
		{E0688AC3-A85D-43F5-9672-8635C810AA79}.Debug|x64.Build.0 = Debug|Any CPU
		{E0688AC3-A85D-43F5-9672-8635C810AA79}.Release|Any CPU.ActiveCfg = Release|Any CPU
		{E0688AC3-A85D-43F5-9672-8635C810AA79}.Release|Any CPU.Build.0 = Release|Any CPU
		{E0688AC3-A85D-43F5-9672-8635C810AA79}.Release|x64.ActiveCfg = Release|Any CPU
		{E0688AC3-A85D-43F5-9672-8635C810AA79}.Release|x64.Build.0 = Release|Any CPU
		{1AB1B456-B71C-4031-891F-CB9CB52F745B}.Debug|Any CPU.ActiveCfg = Debug|Any CPU
		{1AB1B456-B71C-4031-891F-CB9CB52F745B}.Debug|Any CPU.Build.0 = Debug|Any CPU
		{1AB1B456-B71C-4031-891F-CB9CB52F745B}.Debug|x64.ActiveCfg = Debug|Any CPU
		{1AB1B456-B71C-4031-891F-CB9CB52F745B}.Debug|x64.Build.0 = Debug|Any CPU
		{1AB1B456-B71C-4031-891F-CB9CB52F745B}.Release|Any CPU.ActiveCfg = Release|Any CPU
		{1AB1B456-B71C-4031-891F-CB9CB52F745B}.Release|Any CPU.Build.0 = Release|Any CPU
		{1AB1B456-B71C-4031-891F-CB9CB52F745B}.Release|x64.ActiveCfg = Release|Any CPU
		{1AB1B456-B71C-4031-891F-CB9CB52F745B}.Release|x64.Build.0 = Release|Any CPU
		{7DC11E90-31B2-44EF-8E21-BB3FA13A7756}.Debug|Any CPU.ActiveCfg = Debug|Any CPU
		{7DC11E90-31B2-44EF-8E21-BB3FA13A7756}.Debug|Any CPU.Build.0 = Debug|Any CPU
		{7DC11E90-31B2-44EF-8E21-BB3FA13A7756}.Debug|x64.ActiveCfg = Debug|Any CPU
		{7DC11E90-31B2-44EF-8E21-BB3FA13A7756}.Debug|x64.Build.0 = Debug|Any CPU
		{7DC11E90-31B2-44EF-8E21-BB3FA13A7756}.Release|Any CPU.ActiveCfg = Release|Any CPU
		{7DC11E90-31B2-44EF-8E21-BB3FA13A7756}.Release|Any CPU.Build.0 = Release|Any CPU
		{7DC11E90-31B2-44EF-8E21-BB3FA13A7756}.Release|x64.ActiveCfg = Release|Any CPU
		{7DC11E90-31B2-44EF-8E21-BB3FA13A7756}.Release|x64.Build.0 = Release|Any CPU
		{7B06D44C-A778-4DA4-B047-9CBB8FE95C6F}.Debug|Any CPU.ActiveCfg = Debug|Any CPU
		{7B06D44C-A778-4DA4-B047-9CBB8FE95C6F}.Debug|Any CPU.Build.0 = Debug|Any CPU
		{7B06D44C-A778-4DA4-B047-9CBB8FE95C6F}.Debug|x64.ActiveCfg = Debug|Any CPU
		{7B06D44C-A778-4DA4-B047-9CBB8FE95C6F}.Debug|x64.Build.0 = Debug|Any CPU
		{7B06D44C-A778-4DA4-B047-9CBB8FE95C6F}.Release|Any CPU.ActiveCfg = Release|Any CPU
		{7B06D44C-A778-4DA4-B047-9CBB8FE95C6F}.Release|Any CPU.Build.0 = Release|Any CPU
		{7B06D44C-A778-4DA4-B047-9CBB8FE95C6F}.Release|x64.ActiveCfg = Release|Any CPU
		{7B06D44C-A778-4DA4-B047-9CBB8FE95C6F}.Release|x64.Build.0 = Release|Any CPU
		{060A7A5F-E479-4CD4-ADE6-E5D5CFCFE512}.Debug|Any CPU.ActiveCfg = Debug|Any CPU
		{060A7A5F-E479-4CD4-ADE6-E5D5CFCFE512}.Debug|Any CPU.Build.0 = Debug|Any CPU
		{060A7A5F-E479-4CD4-ADE6-E5D5CFCFE512}.Debug|x64.ActiveCfg = Debug|Any CPU
		{060A7A5F-E479-4CD4-ADE6-E5D5CFCFE512}.Debug|x64.Build.0 = Debug|Any CPU
		{060A7A5F-E479-4CD4-ADE6-E5D5CFCFE512}.Release|Any CPU.ActiveCfg = Release|Any CPU
		{060A7A5F-E479-4CD4-ADE6-E5D5CFCFE512}.Release|Any CPU.Build.0 = Release|Any CPU
		{060A7A5F-E479-4CD4-ADE6-E5D5CFCFE512}.Release|x64.ActiveCfg = Release|Any CPU
		{060A7A5F-E479-4CD4-ADE6-E5D5CFCFE512}.Release|x64.Build.0 = Release|Any CPU
		{F5B757F0-DA21-429C-A547-10064936F89B}.Debug|Any CPU.ActiveCfg = Debug|Any CPU
		{F5B757F0-DA21-429C-A547-10064936F89B}.Debug|Any CPU.Build.0 = Debug|Any CPU
		{F5B757F0-DA21-429C-A547-10064936F89B}.Debug|x64.ActiveCfg = Debug|Any CPU
		{F5B757F0-DA21-429C-A547-10064936F89B}.Debug|x64.Build.0 = Debug|Any CPU
		{F5B757F0-DA21-429C-A547-10064936F89B}.Release|Any CPU.ActiveCfg = Release|Any CPU
		{F5B757F0-DA21-429C-A547-10064936F89B}.Release|Any CPU.Build.0 = Release|Any CPU
		{F5B757F0-DA21-429C-A547-10064936F89B}.Release|x64.ActiveCfg = Release|Any CPU
		{F5B757F0-DA21-429C-A547-10064936F89B}.Release|x64.Build.0 = Release|Any CPU
		{3D9FA24A-B971-4463-8C5A-E0677A9CAD8D}.Debug|Any CPU.ActiveCfg = Debug|Any CPU
		{3D9FA24A-B971-4463-8C5A-E0677A9CAD8D}.Debug|Any CPU.Build.0 = Debug|Any CPU
		{3D9FA24A-B971-4463-8C5A-E0677A9CAD8D}.Debug|x64.ActiveCfg = Debug|Any CPU
		{3D9FA24A-B971-4463-8C5A-E0677A9CAD8D}.Debug|x64.Build.0 = Debug|Any CPU
		{3D9FA24A-B971-4463-8C5A-E0677A9CAD8D}.Release|Any CPU.ActiveCfg = Release|Any CPU
		{3D9FA24A-B971-4463-8C5A-E0677A9CAD8D}.Release|Any CPU.Build.0 = Release|Any CPU
		{3D9FA24A-B971-4463-8C5A-E0677A9CAD8D}.Release|x64.ActiveCfg = Release|Any CPU
		{3D9FA24A-B971-4463-8C5A-E0677A9CAD8D}.Release|x64.Build.0 = Release|Any CPU
		{E116EA1C-A709-4D5A-9C4D-6FD3DF800082}.Debug|Any CPU.ActiveCfg = Debug|Any CPU
		{E116EA1C-A709-4D5A-9C4D-6FD3DF800082}.Debug|Any CPU.Build.0 = Debug|Any CPU
		{E116EA1C-A709-4D5A-9C4D-6FD3DF800082}.Debug|x64.ActiveCfg = Debug|Any CPU
		{E116EA1C-A709-4D5A-9C4D-6FD3DF800082}.Debug|x64.Build.0 = Debug|Any CPU
		{E116EA1C-A709-4D5A-9C4D-6FD3DF800082}.Release|Any CPU.ActiveCfg = Release|Any CPU
		{E116EA1C-A709-4D5A-9C4D-6FD3DF800082}.Release|Any CPU.Build.0 = Release|Any CPU
		{E116EA1C-A709-4D5A-9C4D-6FD3DF800082}.Release|x64.ActiveCfg = Release|Any CPU
		{E116EA1C-A709-4D5A-9C4D-6FD3DF800082}.Release|x64.Build.0 = Release|Any CPU
		{87B49AAA-5729-46D1-9E20-5B0F4CEC2BDE}.Debug|Any CPU.ActiveCfg = Debug|Any CPU
		{87B49AAA-5729-46D1-9E20-5B0F4CEC2BDE}.Debug|Any CPU.Build.0 = Debug|Any CPU
		{87B49AAA-5729-46D1-9E20-5B0F4CEC2BDE}.Debug|x64.ActiveCfg = Debug|Any CPU
		{87B49AAA-5729-46D1-9E20-5B0F4CEC2BDE}.Debug|x64.Build.0 = Debug|Any CPU
		{87B49AAA-5729-46D1-9E20-5B0F4CEC2BDE}.Release|Any CPU.ActiveCfg = Release|Any CPU
		{87B49AAA-5729-46D1-9E20-5B0F4CEC2BDE}.Release|Any CPU.Build.0 = Release|Any CPU
		{87B49AAA-5729-46D1-9E20-5B0F4CEC2BDE}.Release|x64.ActiveCfg = Release|Any CPU
		{87B49AAA-5729-46D1-9E20-5B0F4CEC2BDE}.Release|x64.Build.0 = Release|Any CPU
		{7E65A2C1-C364-4E71-8883-A78E2B2661E6}.Debug|Any CPU.ActiveCfg = Debug|Any CPU
		{7E65A2C1-C364-4E71-8883-A78E2B2661E6}.Debug|Any CPU.Build.0 = Debug|Any CPU
		{7E65A2C1-C364-4E71-8883-A78E2B2661E6}.Debug|x64.ActiveCfg = Debug|Any CPU
		{7E65A2C1-C364-4E71-8883-A78E2B2661E6}.Debug|x64.Build.0 = Debug|Any CPU
		{7E65A2C1-C364-4E71-8883-A78E2B2661E6}.Release|Any CPU.ActiveCfg = Release|Any CPU
		{7E65A2C1-C364-4E71-8883-A78E2B2661E6}.Release|Any CPU.Build.0 = Release|Any CPU
		{7E65A2C1-C364-4E71-8883-A78E2B2661E6}.Release|x64.ActiveCfg = Release|Any CPU
		{7E65A2C1-C364-4E71-8883-A78E2B2661E6}.Release|x64.Build.0 = Release|Any CPU
		{CE03E5FF-7444-4A98-B254-6A401C598DDD}.Debug|Any CPU.ActiveCfg = Debug|Any CPU
		{CE03E5FF-7444-4A98-B254-6A401C598DDD}.Debug|Any CPU.Build.0 = Debug|Any CPU
		{CE03E5FF-7444-4A98-B254-6A401C598DDD}.Debug|x64.ActiveCfg = Debug|Any CPU
		{CE03E5FF-7444-4A98-B254-6A401C598DDD}.Debug|x64.Build.0 = Debug|Any CPU
		{CE03E5FF-7444-4A98-B254-6A401C598DDD}.Release|Any CPU.ActiveCfg = Release|Any CPU
		{CE03E5FF-7444-4A98-B254-6A401C598DDD}.Release|Any CPU.Build.0 = Release|Any CPU
		{CE03E5FF-7444-4A98-B254-6A401C598DDD}.Release|x64.ActiveCfg = Release|Any CPU
		{CE03E5FF-7444-4A98-B254-6A401C598DDD}.Release|x64.Build.0 = Release|Any CPU
		{B1BA319E-7914-4E75-8BE3-E28C3883378C}.Debug|Any CPU.ActiveCfg = Debug|Any CPU
		{B1BA319E-7914-4E75-8BE3-E28C3883378C}.Debug|Any CPU.Build.0 = Debug|Any CPU
		{B1BA319E-7914-4E75-8BE3-E28C3883378C}.Debug|x64.ActiveCfg = Debug|Any CPU
		{B1BA319E-7914-4E75-8BE3-E28C3883378C}.Debug|x64.Build.0 = Debug|Any CPU
		{B1BA319E-7914-4E75-8BE3-E28C3883378C}.Release|Any CPU.ActiveCfg = Release|Any CPU
		{B1BA319E-7914-4E75-8BE3-E28C3883378C}.Release|Any CPU.Build.0 = Release|Any CPU
		{B1BA319E-7914-4E75-8BE3-E28C3883378C}.Release|x64.ActiveCfg = Release|Any CPU
		{B1BA319E-7914-4E75-8BE3-E28C3883378C}.Release|x64.Build.0 = Release|Any CPU
		{737F216E-37B3-49AC-B7B7-01DB610F69E9}.Debug|Any CPU.ActiveCfg = Debug|Any CPU
		{737F216E-37B3-49AC-B7B7-01DB610F69E9}.Debug|Any CPU.Build.0 = Debug|Any CPU
		{737F216E-37B3-49AC-B7B7-01DB610F69E9}.Debug|x64.ActiveCfg = Debug|Any CPU
		{737F216E-37B3-49AC-B7B7-01DB610F69E9}.Debug|x64.Build.0 = Debug|Any CPU
		{737F216E-37B3-49AC-B7B7-01DB610F69E9}.Release|Any CPU.ActiveCfg = Release|Any CPU
		{737F216E-37B3-49AC-B7B7-01DB610F69E9}.Release|Any CPU.Build.0 = Release|Any CPU
		{737F216E-37B3-49AC-B7B7-01DB610F69E9}.Release|x64.ActiveCfg = Release|Any CPU
		{737F216E-37B3-49AC-B7B7-01DB610F69E9}.Release|x64.Build.0 = Release|Any CPU
		{410D7637-EDDE-4351-BC33-911248E2BD6A}.Debug|Any CPU.ActiveCfg = Debug|Any CPU
		{410D7637-EDDE-4351-BC33-911248E2BD6A}.Debug|Any CPU.Build.0 = Debug|Any CPU
		{410D7637-EDDE-4351-BC33-911248E2BD6A}.Debug|x64.ActiveCfg = Debug|Any CPU
		{410D7637-EDDE-4351-BC33-911248E2BD6A}.Debug|x64.Build.0 = Debug|Any CPU
		{410D7637-EDDE-4351-BC33-911248E2BD6A}.Release|Any CPU.ActiveCfg = Release|Any CPU
		{410D7637-EDDE-4351-BC33-911248E2BD6A}.Release|Any CPU.Build.0 = Release|Any CPU
		{410D7637-EDDE-4351-BC33-911248E2BD6A}.Release|x64.ActiveCfg = Release|Any CPU
		{410D7637-EDDE-4351-BC33-911248E2BD6A}.Release|x64.Build.0 = Release|Any CPU
		{0DF0240D-5371-4208-BA97-F63E3259B9BF}.Debug|Any CPU.ActiveCfg = Debug|Any CPU
		{0DF0240D-5371-4208-BA97-F63E3259B9BF}.Debug|Any CPU.Build.0 = Debug|Any CPU
		{0DF0240D-5371-4208-BA97-F63E3259B9BF}.Debug|x64.ActiveCfg = Debug|Any CPU
		{0DF0240D-5371-4208-BA97-F63E3259B9BF}.Debug|x64.Build.0 = Debug|Any CPU
		{0DF0240D-5371-4208-BA97-F63E3259B9BF}.Release|Any CPU.ActiveCfg = Release|Any CPU
		{0DF0240D-5371-4208-BA97-F63E3259B9BF}.Release|Any CPU.Build.0 = Release|Any CPU
		{0DF0240D-5371-4208-BA97-F63E3259B9BF}.Release|x64.ActiveCfg = Release|Any CPU
		{0DF0240D-5371-4208-BA97-F63E3259B9BF}.Release|x64.Build.0 = Release|Any CPU
		{AFD464BE-A399-49E4-854D-3D79B4846240}.Debug|Any CPU.ActiveCfg = Debug|Any CPU
		{AFD464BE-A399-49E4-854D-3D79B4846240}.Debug|Any CPU.Build.0 = Debug|Any CPU
		{AFD464BE-A399-49E4-854D-3D79B4846240}.Debug|x64.ActiveCfg = Debug|Any CPU
		{AFD464BE-A399-49E4-854D-3D79B4846240}.Debug|x64.Build.0 = Debug|Any CPU
		{AFD464BE-A399-49E4-854D-3D79B4846240}.Release|Any CPU.ActiveCfg = Release|Any CPU
		{AFD464BE-A399-49E4-854D-3D79B4846240}.Release|Any CPU.Build.0 = Release|Any CPU
		{AFD464BE-A399-49E4-854D-3D79B4846240}.Release|x64.ActiveCfg = Release|Any CPU
		{AFD464BE-A399-49E4-854D-3D79B4846240}.Release|x64.Build.0 = Release|Any CPU
		{0C4B209D-B2B5-44A6-9394-E87CDFCF8B33}.Debug|Any CPU.ActiveCfg = Debug|Any CPU
		{0C4B209D-B2B5-44A6-9394-E87CDFCF8B33}.Debug|Any CPU.Build.0 = Debug|Any CPU
		{0C4B209D-B2B5-44A6-9394-E87CDFCF8B33}.Debug|x64.ActiveCfg = Debug|Any CPU
		{0C4B209D-B2B5-44A6-9394-E87CDFCF8B33}.Debug|x64.Build.0 = Debug|Any CPU
		{0C4B209D-B2B5-44A6-9394-E87CDFCF8B33}.Release|Any CPU.ActiveCfg = Release|Any CPU
		{0C4B209D-B2B5-44A6-9394-E87CDFCF8B33}.Release|Any CPU.Build.0 = Release|Any CPU
		{0C4B209D-B2B5-44A6-9394-E87CDFCF8B33}.Release|x64.ActiveCfg = Release|Any CPU
		{0C4B209D-B2B5-44A6-9394-E87CDFCF8B33}.Release|x64.Build.0 = Release|Any CPU
		{57BD8DFC-FAAE-42CA-8EC0-F6DCFA368F8F}.Debug|Any CPU.ActiveCfg = Debug|Any CPU
		{57BD8DFC-FAAE-42CA-8EC0-F6DCFA368F8F}.Debug|Any CPU.Build.0 = Debug|Any CPU
		{57BD8DFC-FAAE-42CA-8EC0-F6DCFA368F8F}.Debug|x64.ActiveCfg = Debug|Any CPU
		{57BD8DFC-FAAE-42CA-8EC0-F6DCFA368F8F}.Debug|x64.Build.0 = Debug|Any CPU
		{57BD8DFC-FAAE-42CA-8EC0-F6DCFA368F8F}.Release|Any CPU.ActiveCfg = Release|Any CPU
		{57BD8DFC-FAAE-42CA-8EC0-F6DCFA368F8F}.Release|Any CPU.Build.0 = Release|Any CPU
		{57BD8DFC-FAAE-42CA-8EC0-F6DCFA368F8F}.Release|x64.ActiveCfg = Release|Any CPU
		{57BD8DFC-FAAE-42CA-8EC0-F6DCFA368F8F}.Release|x64.Build.0 = Release|Any CPU
		{30F830A4-B859-4EE1-A7B6-90C05A6F20DF}.Debug|Any CPU.ActiveCfg = Debug|Any CPU
		{30F830A4-B859-4EE1-A7B6-90C05A6F20DF}.Debug|Any CPU.Build.0 = Debug|Any CPU
		{30F830A4-B859-4EE1-A7B6-90C05A6F20DF}.Debug|x64.ActiveCfg = Debug|Any CPU
		{30F830A4-B859-4EE1-A7B6-90C05A6F20DF}.Debug|x64.Build.0 = Debug|Any CPU
		{30F830A4-B859-4EE1-A7B6-90C05A6F20DF}.Release|Any CPU.ActiveCfg = Release|Any CPU
		{30F830A4-B859-4EE1-A7B6-90C05A6F20DF}.Release|Any CPU.Build.0 = Release|Any CPU
		{30F830A4-B859-4EE1-A7B6-90C05A6F20DF}.Release|x64.ActiveCfg = Release|Any CPU
		{30F830A4-B859-4EE1-A7B6-90C05A6F20DF}.Release|x64.Build.0 = Release|Any CPU
		{45FC4F8F-6314-41D7-AB41-97B24EC128F6}.Debug|Any CPU.ActiveCfg = Debug|Any CPU
		{45FC4F8F-6314-41D7-AB41-97B24EC128F6}.Debug|Any CPU.Build.0 = Debug|Any CPU
		{45FC4F8F-6314-41D7-AB41-97B24EC128F6}.Debug|x64.ActiveCfg = Debug|Any CPU
		{45FC4F8F-6314-41D7-AB41-97B24EC128F6}.Debug|x64.Build.0 = Debug|Any CPU
		{45FC4F8F-6314-41D7-AB41-97B24EC128F6}.Release|Any CPU.ActiveCfg = Release|Any CPU
		{45FC4F8F-6314-41D7-AB41-97B24EC128F6}.Release|Any CPU.Build.0 = Release|Any CPU
		{45FC4F8F-6314-41D7-AB41-97B24EC128F6}.Release|x64.ActiveCfg = Release|Any CPU
		{45FC4F8F-6314-41D7-AB41-97B24EC128F6}.Release|x64.Build.0 = Release|Any CPU
		{B297E159-70C4-45E6-935C-11C80CD46515}.Debug|Any CPU.ActiveCfg = Debug|Any CPU
		{B297E159-70C4-45E6-935C-11C80CD46515}.Debug|Any CPU.Build.0 = Debug|Any CPU
		{B297E159-70C4-45E6-935C-11C80CD46515}.Debug|x64.ActiveCfg = Debug|Any CPU
		{B297E159-70C4-45E6-935C-11C80CD46515}.Debug|x64.Build.0 = Debug|Any CPU
		{B297E159-70C4-45E6-935C-11C80CD46515}.Release|Any CPU.ActiveCfg = Release|Any CPU
		{B297E159-70C4-45E6-935C-11C80CD46515}.Release|Any CPU.Build.0 = Release|Any CPU
		{B297E159-70C4-45E6-935C-11C80CD46515}.Release|x64.ActiveCfg = Release|Any CPU
		{B297E159-70C4-45E6-935C-11C80CD46515}.Release|x64.Build.0 = Release|Any CPU
		{B8FBE240-65DC-42EB-9AC2-7C4D434A143A}.Debug|Any CPU.ActiveCfg = Debug|Any CPU
		{B8FBE240-65DC-42EB-9AC2-7C4D434A143A}.Debug|Any CPU.Build.0 = Debug|Any CPU
		{B8FBE240-65DC-42EB-9AC2-7C4D434A143A}.Debug|x64.ActiveCfg = Debug|Any CPU
		{B8FBE240-65DC-42EB-9AC2-7C4D434A143A}.Debug|x64.Build.0 = Debug|Any CPU
		{B8FBE240-65DC-42EB-9AC2-7C4D434A143A}.Release|Any CPU.ActiveCfg = Release|Any CPU
		{B8FBE240-65DC-42EB-9AC2-7C4D434A143A}.Release|Any CPU.Build.0 = Release|Any CPU
		{B8FBE240-65DC-42EB-9AC2-7C4D434A143A}.Release|x64.ActiveCfg = Release|Any CPU
		{B8FBE240-65DC-42EB-9AC2-7C4D434A143A}.Release|x64.Build.0 = Release|Any CPU
		{7137A5B8-94BF-4822-925C-2DA7CD2CEC56}.Debug|Any CPU.ActiveCfg = Debug|Any CPU
		{7137A5B8-94BF-4822-925C-2DA7CD2CEC56}.Debug|Any CPU.Build.0 = Debug|Any CPU
		{7137A5B8-94BF-4822-925C-2DA7CD2CEC56}.Debug|x64.ActiveCfg = Debug|Any CPU
		{7137A5B8-94BF-4822-925C-2DA7CD2CEC56}.Debug|x64.Build.0 = Debug|Any CPU
		{7137A5B8-94BF-4822-925C-2DA7CD2CEC56}.Release|Any CPU.ActiveCfg = Release|Any CPU
		{7137A5B8-94BF-4822-925C-2DA7CD2CEC56}.Release|Any CPU.Build.0 = Release|Any CPU
		{7137A5B8-94BF-4822-925C-2DA7CD2CEC56}.Release|x64.ActiveCfg = Release|Any CPU
		{7137A5B8-94BF-4822-925C-2DA7CD2CEC56}.Release|x64.Build.0 = Release|Any CPU
		{D4023F41-E691-49D2-A425-2F56A40D36E1}.Debug|Any CPU.ActiveCfg = Debug|Any CPU
		{D4023F41-E691-49D2-A425-2F56A40D36E1}.Debug|Any CPU.Build.0 = Debug|Any CPU
		{D4023F41-E691-49D2-A425-2F56A40D36E1}.Debug|x64.ActiveCfg = Debug|Any CPU
		{D4023F41-E691-49D2-A425-2F56A40D36E1}.Debug|x64.Build.0 = Debug|Any CPU
		{D4023F41-E691-49D2-A425-2F56A40D36E1}.Release|Any CPU.ActiveCfg = Release|Any CPU
		{D4023F41-E691-49D2-A425-2F56A40D36E1}.Release|Any CPU.Build.0 = Release|Any CPU
		{D4023F41-E691-49D2-A425-2F56A40D36E1}.Release|x64.ActiveCfg = Release|Any CPU
		{D4023F41-E691-49D2-A425-2F56A40D36E1}.Release|x64.Build.0 = Release|Any CPU
		{64296131-9C4A-4671-900F-227004734959}.Debug|Any CPU.ActiveCfg = Debug|Any CPU
		{64296131-9C4A-4671-900F-227004734959}.Debug|Any CPU.Build.0 = Debug|Any CPU
		{64296131-9C4A-4671-900F-227004734959}.Debug|x64.ActiveCfg = Debug|Any CPU
		{64296131-9C4A-4671-900F-227004734959}.Debug|x64.Build.0 = Debug|Any CPU
		{64296131-9C4A-4671-900F-227004734959}.Release|Any CPU.ActiveCfg = Release|Any CPU
		{64296131-9C4A-4671-900F-227004734959}.Release|Any CPU.Build.0 = Release|Any CPU
		{64296131-9C4A-4671-900F-227004734959}.Release|x64.ActiveCfg = Release|Any CPU
		{64296131-9C4A-4671-900F-227004734959}.Release|x64.Build.0 = Release|Any CPU
		{73B3BB93-D6B2-46CE-B885-2DF1B53242D8}.Debug|Any CPU.ActiveCfg = Debug|Any CPU
		{73B3BB93-D6B2-46CE-B885-2DF1B53242D8}.Debug|Any CPU.Build.0 = Debug|Any CPU
		{73B3BB93-D6B2-46CE-B885-2DF1B53242D8}.Debug|x64.ActiveCfg = Debug|Any CPU
		{73B3BB93-D6B2-46CE-B885-2DF1B53242D8}.Debug|x64.Build.0 = Debug|Any CPU
		{73B3BB93-D6B2-46CE-B885-2DF1B53242D8}.Release|Any CPU.ActiveCfg = Release|Any CPU
		{73B3BB93-D6B2-46CE-B885-2DF1B53242D8}.Release|Any CPU.Build.0 = Release|Any CPU
		{73B3BB93-D6B2-46CE-B885-2DF1B53242D8}.Release|x64.ActiveCfg = Release|Any CPU
		{73B3BB93-D6B2-46CE-B885-2DF1B53242D8}.Release|x64.Build.0 = Release|Any CPU
		{9F29047D-12B4-4221-8A9A-8946901AE382}.Debug|Any CPU.ActiveCfg = Debug|Any CPU
		{9F29047D-12B4-4221-8A9A-8946901AE382}.Debug|Any CPU.Build.0 = Debug|Any CPU
		{9F29047D-12B4-4221-8A9A-8946901AE382}.Debug|x64.ActiveCfg = Debug|Any CPU
		{9F29047D-12B4-4221-8A9A-8946901AE382}.Debug|x64.Build.0 = Debug|Any CPU
		{9F29047D-12B4-4221-8A9A-8946901AE382}.Release|Any CPU.ActiveCfg = Release|Any CPU
		{9F29047D-12B4-4221-8A9A-8946901AE382}.Release|Any CPU.Build.0 = Release|Any CPU
		{9F29047D-12B4-4221-8A9A-8946901AE382}.Release|x64.ActiveCfg = Release|Any CPU
		{9F29047D-12B4-4221-8A9A-8946901AE382}.Release|x64.Build.0 = Release|Any CPU
		{2859D6FF-65F1-41B8-AFCE-EF485F408083}.Debug|Any CPU.ActiveCfg = Debug|Any CPU
		{2859D6FF-65F1-41B8-AFCE-EF485F408083}.Debug|Any CPU.Build.0 = Debug|Any CPU
		{2859D6FF-65F1-41B8-AFCE-EF485F408083}.Debug|x64.ActiveCfg = Debug|Any CPU
		{2859D6FF-65F1-41B8-AFCE-EF485F408083}.Debug|x64.Build.0 = Debug|Any CPU
		{2859D6FF-65F1-41B8-AFCE-EF485F408083}.Release|Any CPU.ActiveCfg = Release|Any CPU
		{2859D6FF-65F1-41B8-AFCE-EF485F408083}.Release|Any CPU.Build.0 = Release|Any CPU
		{2859D6FF-65F1-41B8-AFCE-EF485F408083}.Release|x64.ActiveCfg = Release|Any CPU
		{2859D6FF-65F1-41B8-AFCE-EF485F408083}.Release|x64.Build.0 = Release|Any CPU
	EndGlobalSection
	GlobalSection(SolutionProperties) = preSolution
		HideSolutionNode = FALSE
	EndGlobalSection
	GlobalSection(ExtensibilityGlobals) = postSolution
		SolutionGuid = {5E31D680-A8D4-407C-8CCF-7B77D494CC8D}
	EndGlobalSection
EndGlobal
